// !$*UTF8*$!
{
	archiveVersion = 1;
	classes = {
	};
	objectVersion = 56;
	objects = {

/* Begin PBXBuildFile section */
		AE1D8AD229656B4B00113C8B /* AppDelegate.swift in Sources */ = {isa = PBXBuildFile; fileRef = AE1D8AD129656B4B00113C8B /* AppDelegate.swift */; };
		AE1D8AD429656B4B00113C8B /* SceneDelegate.swift in Sources */ = {isa = PBXBuildFile; fileRef = AE1D8AD329656B4B00113C8B /* SceneDelegate.swift */; };
		AE1D8AD929656B4B00113C8B /* Main.storyboard in Resources */ = {isa = PBXBuildFile; fileRef = AE1D8AD729656B4B00113C8B /* Main.storyboard */; };
		AE1D8ADB29656B4B00113C8B /* Assets.xcassets in Resources */ = {isa = PBXBuildFile; fileRef = AE1D8ADA29656B4B00113C8B /* Assets.xcassets */; };
		AE1D8ADE29656B4B00113C8B /* LaunchScreen.storyboard in Resources */ = {isa = PBXBuildFile; fileRef = AE1D8ADC29656B4B00113C8B /* LaunchScreen.storyboard */; };
		AE1D8AE929656B4B00113C8B /* symbolRollerTests.swift in Sources */ = {isa = PBXBuildFile; fileRef = AE1D8AE829656B4B00113C8B /* symbolRollerTests.swift */; };
		AE1D8AF329656B4B00113C8B /* symbolRollerUITests.swift in Sources */ = {isa = PBXBuildFile; fileRef = AE1D8AF229656B4B00113C8B /* symbolRollerUITests.swift */; };
		AE1D8AF529656B4B00113C8B /* symbolRollerUITestsLaunchTests.swift in Sources */ = {isa = PBXBuildFile; fileRef = AE1D8AF429656B4B00113C8B /* symbolRollerUITestsLaunchTests.swift */; };
		AE1D8B0229656D5800113C8B /* symbolRollerViewController.swift in Sources */ = {isa = PBXBuildFile; fileRef = AE1D8B0129656D5800113C8B /* symbolRollerViewController.swift */; };
/* End PBXBuildFile section */

/* Begin PBXContainerItemProxy section */
		AE1D8AE529656B4B00113C8B /* PBXContainerItemProxy */ = {
			isa = PBXContainerItemProxy;
			containerPortal = AE1D8AC629656B4B00113C8B /* Project object */;
			proxyType = 1;
			remoteGlobalIDString = AE1D8ACD29656B4B00113C8B;
			remoteInfo = symbolRoller;
		};
		AE1D8AEF29656B4B00113C8B /* PBXContainerItemProxy */ = {
			isa = PBXContainerItemProxy;
			containerPortal = AE1D8AC629656B4B00113C8B /* Project object */;
			proxyType = 1;
			remoteGlobalIDString = AE1D8ACD29656B4B00113C8B;
			remoteInfo = symbolRoller;
		};
/* End PBXContainerItemProxy section */

/* Begin PBXFileReference section */
		AE1D8ACE29656B4B00113C8B /* symbolRoller.app */ = {isa = PBXFileReference; explicitFileType = wrapper.application; includeInIndex = 0; path = symbolRoller.app; sourceTree = BUILT_PRODUCTS_DIR; };
		AE1D8AD129656B4B00113C8B /* AppDelegate.swift */ = {isa = PBXFileReference; lastKnownFileType = sourcecode.swift; path = AppDelegate.swift; sourceTree = "<group>"; };
		AE1D8AD329656B4B00113C8B /* SceneDelegate.swift */ = {isa = PBXFileReference; lastKnownFileType = sourcecode.swift; path = SceneDelegate.swift; sourceTree = "<group>"; };
		AE1D8AD829656B4B00113C8B /* Base */ = {isa = PBXFileReference; lastKnownFileType = file.storyboard; name = Base; path = Base.lproj/Main.storyboard; sourceTree = "<group>"; };
		AE1D8ADA29656B4B00113C8B /* Assets.xcassets */ = {isa = PBXFileReference; lastKnownFileType = folder.assetcatalog; path = Assets.xcassets; sourceTree = "<group>"; };
		AE1D8ADD29656B4B00113C8B /* Base */ = {isa = PBXFileReference; lastKnownFileType = file.storyboard; name = Base; path = Base.lproj/LaunchScreen.storyboard; sourceTree = "<group>"; };
		AE1D8ADF29656B4B00113C8B /* Info.plist */ = {isa = PBXFileReference; lastKnownFileType = text.plist.xml; path = Info.plist; sourceTree = "<group>"; };
		AE1D8AE429656B4B00113C8B /* symbolRollerTests.xctest */ = {isa = PBXFileReference; explicitFileType = wrapper.cfbundle; includeInIndex = 0; path = symbolRollerTests.xctest; sourceTree = BUILT_PRODUCTS_DIR; };
		AE1D8AE829656B4B00113C8B /* symbolRollerTests.swift */ = {isa = PBXFileReference; lastKnownFileType = sourcecode.swift; path = symbolRollerTests.swift; sourceTree = "<group>"; };
		AE1D8AEE29656B4B00113C8B /* symbolRollerUITests.xctest */ = {isa = PBXFileReference; explicitFileType = wrapper.cfbundle; includeInIndex = 0; path = symbolRollerUITests.xctest; sourceTree = BUILT_PRODUCTS_DIR; };
		AE1D8AF229656B4B00113C8B /* symbolRollerUITests.swift */ = {isa = PBXFileReference; lastKnownFileType = sourcecode.swift; path = symbolRollerUITests.swift; sourceTree = "<group>"; };
		AE1D8AF429656B4B00113C8B /* symbolRollerUITestsLaunchTests.swift */ = {isa = PBXFileReference; lastKnownFileType = sourcecode.swift; path = symbolRollerUITestsLaunchTests.swift; sourceTree = "<group>"; };
		AE1D8B0129656D5800113C8B /* symbolRollerViewController.swift */ = {isa = PBXFileReference; lastKnownFileType = sourcecode.swift; path = symbolRollerViewController.swift; sourceTree = "<group>"; };
/* End PBXFileReference section */

/* Begin PBXFrameworksBuildPhase section */
		AE1D8ACB29656B4B00113C8B /* Frameworks */ = {
			isa = PBXFrameworksBuildPhase;
			buildActionMask = 2147483647;
			files = (
			);
			runOnlyForDeploymentPostprocessing = 0;
		};
		AE1D8AE129656B4B00113C8B /* Frameworks */ = {
			isa = PBXFrameworksBuildPhase;
			buildActionMask = 2147483647;
			files = (
			);
			runOnlyForDeploymentPostprocessing = 0;
		};
		AE1D8AEB29656B4B00113C8B /* Frameworks */ = {
			isa = PBXFrameworksBuildPhase;
			buildActionMask = 2147483647;
			files = (
			);
			runOnlyForDeploymentPostprocessing = 0;
		};
/* End PBXFrameworksBuildPhase section */

/* Begin PBXGroup section */
		AE1D8AC529656B4B00113C8B = {
			isa = PBXGroup;
			children = (
				AE1D8AD029656B4B00113C8B /* symbolRoller */,
				AE1D8AE729656B4B00113C8B /* symbolRollerTests */,
				AE1D8AF129656B4B00113C8B /* symbolRollerUITests */,
				AE1D8ACF29656B4B00113C8B /* Products */,
			);
			sourceTree = "<group>";
		};
		AE1D8ACF29656B4B00113C8B /* Products */ = {
			isa = PBXGroup;
			children = (
				AE1D8ACE29656B4B00113C8B /* symbolRoller.app */,
				AE1D8AE429656B4B00113C8B /* symbolRollerTests.xctest */,
				AE1D8AEE29656B4B00113C8B /* symbolRollerUITests.xctest */,
			);
			name = Products;
			sourceTree = "<group>";
		};
		AE1D8AD029656B4B00113C8B /* symbolRoller */ = {
			isa = PBXGroup;
			children = (
				AE1D8B0129656D5800113C8B /* symbolRollerViewController.swift */,
				AE1D8AD129656B4B00113C8B /* AppDelegate.swift */,
				AE1D8AD329656B4B00113C8B /* SceneDelegate.swift */,
				AE1D8AD729656B4B00113C8B /* Main.storyboard */,
				AE1D8ADA29656B4B00113C8B /* Assets.xcassets */,
				AE1D8ADC29656B4B00113C8B /* LaunchScreen.storyboard */,
				AE1D8ADF29656B4B00113C8B /* Info.plist */,
			);
			path = symbolRoller;
			sourceTree = "<group>";
		};
		AE1D8AE729656B4B00113C8B /* symbolRollerTests */ = {
			isa = PBXGroup;
			children = (
				AE1D8AE829656B4B00113C8B /* symbolRollerTests.swift */,
			);
			path = symbolRollerTests;
			sourceTree = "<group>";
		};
		AE1D8AF129656B4B00113C8B /* symbolRollerUITests */ = {
			isa = PBXGroup;
			children = (
				AE1D8AF229656B4B00113C8B /* symbolRollerUITests.swift */,
				AE1D8AF429656B4B00113C8B /* symbolRollerUITestsLaunchTests.swift */,
			);
			path = symbolRollerUITests;
			sourceTree = "<group>";
		};
/* End PBXGroup section */

/* Begin PBXNativeTarget section */
		AE1D8ACD29656B4B00113C8B /* symbolRoller */ = {
			isa = PBXNativeTarget;
			buildConfigurationList = AE1D8AF829656B4B00113C8B /* Build configuration list for PBXNativeTarget "symbolRoller" */;
			buildPhases = (
				AE1D8ACA29656B4B00113C8B /* Sources */,
				AE1D8ACB29656B4B00113C8B /* Frameworks */,
				AE1D8ACC29656B4B00113C8B /* Resources */,
			);
			buildRules = (
			);
			dependencies = (
			);
			name = symbolRoller;
			productName = symbolRoller;
			productReference = AE1D8ACE29656B4B00113C8B /* symbolRoller.app */;
			productType = "com.apple.product-type.application";
		};
		AE1D8AE329656B4B00113C8B /* symbolRollerTests */ = {
			isa = PBXNativeTarget;
			buildConfigurationList = AE1D8AFB29656B4B00113C8B /* Build configuration list for PBXNativeTarget "symbolRollerTests" */;
			buildPhases = (
				AE1D8AE029656B4B00113C8B /* Sources */,
				AE1D8AE129656B4B00113C8B /* Frameworks */,
				AE1D8AE229656B4B00113C8B /* Resources */,
			);
			buildRules = (
			);
			dependencies = (
				AE1D8AE629656B4B00113C8B /* PBXTargetDependency */,
			);
			name = symbolRollerTests;
			productName = symbolRollerTests;
			productReference = AE1D8AE429656B4B00113C8B /* symbolRollerTests.xctest */;
			productType = "com.apple.product-type.bundle.unit-test";
		};
		AE1D8AED29656B4B00113C8B /* symbolRollerUITests */ = {
			isa = PBXNativeTarget;
			buildConfigurationList = AE1D8AFE29656B4B00113C8B /* Build configuration list for PBXNativeTarget "symbolRollerUITests" */;
			buildPhases = (
				AE1D8AEA29656B4B00113C8B /* Sources */,
				AE1D8AEB29656B4B00113C8B /* Frameworks */,
				AE1D8AEC29656B4B00113C8B /* Resources */,
			);
			buildRules = (
			);
			dependencies = (
				AE1D8AF029656B4B00113C8B /* PBXTargetDependency */,
			);
			name = symbolRollerUITests;
			productName = symbolRollerUITests;
			productReference = AE1D8AEE29656B4B00113C8B /* symbolRollerUITests.xctest */;
			productType = "com.apple.product-type.bundle.ui-testing";
		};
/* End PBXNativeTarget section */

/* Begin PBXProject section */
		AE1D8AC629656B4B00113C8B /* Project object */ = {
			isa = PBXProject;
			attributes = {
				BuildIndependentTargetsInParallel = 1;
				LastSwiftUpdateCheck = 1400;
				LastUpgradeCheck = 1400;
				TargetAttributes = {
					AE1D8ACD29656B4B00113C8B = {
						CreatedOnToolsVersion = 14.0.1;
					};
					AE1D8AE329656B4B00113C8B = {
						CreatedOnToolsVersion = 14.0.1;
						TestTargetID = AE1D8ACD29656B4B00113C8B;
					};
					AE1D8AED29656B4B00113C8B = {
						CreatedOnToolsVersion = 14.0.1;
						TestTargetID = AE1D8ACD29656B4B00113C8B;
					};
				};
			};
			buildConfigurationList = AE1D8AC929656B4B00113C8B /* Build configuration list for PBXProject "symbolRoller" */;
			compatibilityVersion = "Xcode 14.0";
			developmentRegion = en;
			hasScannedForEncodings = 0;
			knownRegions = (
				en,
				Base,
			);
			mainGroup = AE1D8AC529656B4B00113C8B;
			productRefGroup = AE1D8ACF29656B4B00113C8B /* Products */;
			projectDirPath = "";
			projectRoot = "";
			targets = (
				AE1D8ACD29656B4B00113C8B /* symbolRoller */,
				AE1D8AE329656B4B00113C8B /* symbolRollerTests */,
				AE1D8AED29656B4B00113C8B /* symbolRollerUITests */,
			);
		};
/* End PBXProject section */

/* Begin PBXResourcesBuildPhase section */
		AE1D8ACC29656B4B00113C8B /* Resources */ = {
			isa = PBXResourcesBuildPhase;
			buildActionMask = 2147483647;
			files = (
				AE1D8ADE29656B4B00113C8B /* LaunchScreen.storyboard in Resources */,
				AE1D8ADB29656B4B00113C8B /* Assets.xcassets in Resources */,
				AE1D8AD929656B4B00113C8B /* Main.storyboard in Resources */,
			);
			runOnlyForDeploymentPostprocessing = 0;
		};
		AE1D8AE229656B4B00113C8B /* Resources */ = {
			isa = PBXResourcesBuildPhase;
			buildActionMask = 2147483647;
			files = (
			);
			runOnlyForDeploymentPostprocessing = 0;
		};
		AE1D8AEC29656B4B00113C8B /* Resources */ = {
			isa = PBXResourcesBuildPhase;
			buildActionMask = 2147483647;
			files = (
			);
			runOnlyForDeploymentPostprocessing = 0;
		};
/* End PBXResourcesBuildPhase section */

/* Begin PBXSourcesBuildPhase section */
		AE1D8ACA29656B4B00113C8B /* Sources */ = {
			isa = PBXSourcesBuildPhase;
			buildActionMask = 2147483647;
			files = (
				AE1D8AD229656B4B00113C8B /* AppDelegate.swift in Sources */,
				AE1D8AD429656B4B00113C8B /* SceneDelegate.swift in Sources */,
				AE1D8B0229656D5800113C8B /* symbolRollerViewController.swift in Sources */,
			);
			runOnlyForDeploymentPostprocessing = 0;
		};
		AE1D8AE029656B4B00113C8B /* Sources */ = {
			isa = PBXSourcesBuildPhase;
			buildActionMask = 2147483647;
			files = (
				AE1D8AE929656B4B00113C8B /* symbolRollerTests.swift in Sources */,
			);
			runOnlyForDeploymentPostprocessing = 0;
		};
		AE1D8AEA29656B4B00113C8B /* Sources */ = {
			isa = PBXSourcesBuildPhase;
			buildActionMask = 2147483647;
			files = (
				AE1D8AF529656B4B00113C8B /* symbolRollerUITestsLaunchTests.swift in Sources */,
				AE1D8AF329656B4B00113C8B /* symbolRollerUITests.swift in Sources */,
			);
			runOnlyForDeploymentPostprocessing = 0;
		};
/* End PBXSourcesBuildPhase section */

/* Begin PBXTargetDependency section */
		AE1D8AE629656B4B00113C8B /* PBXTargetDependency */ = {
			isa = PBXTargetDependency;
			target = AE1D8ACD29656B4B00113C8B /* symbolRoller */;
			targetProxy = AE1D8AE529656B4B00113C8B /* PBXContainerItemProxy */;
		};
		AE1D8AF029656B4B00113C8B /* PBXTargetDependency */ = {
			isa = PBXTargetDependency;
			target = AE1D8ACD29656B4B00113C8B /* symbolRoller */;
			targetProxy = AE1D8AEF29656B4B00113C8B /* PBXContainerItemProxy */;
		};
/* End PBXTargetDependency section */

/* Begin PBXVariantGroup section */
		AE1D8AD729656B4B00113C8B /* Main.storyboard */ = {
			isa = PBXVariantGroup;
			children = (
				AE1D8AD829656B4B00113C8B /* Base */,
			);
			name = Main.storyboard;
			sourceTree = "<group>";
		};
		AE1D8ADC29656B4B00113C8B /* LaunchScreen.storyboard */ = {
			isa = PBXVariantGroup;
			children = (
				AE1D8ADD29656B4B00113C8B /* Base */,
			);
			name = LaunchScreen.storyboard;
			sourceTree = "<group>";
		};
/* End PBXVariantGroup section */

/* Begin XCBuildConfiguration section */
		AE1D8AF629656B4B00113C8B /* Debug */ = {
			isa = XCBuildConfiguration;
			buildSettings = {
				ALWAYS_SEARCH_USER_PATHS = NO;
				CLANG_ANALYZER_NONNULL = YES;
				CLANG_ANALYZER_NUMBER_OBJECT_CONVERSION = YES_AGGRESSIVE;
				CLANG_CXX_LANGUAGE_STANDARD = "gnu++20";
				CLANG_ENABLE_MODULES = YES;
				CLANG_ENABLE_OBJC_ARC = YES;
				CLANG_ENABLE_OBJC_WEAK = YES;
				CLANG_WARN_BLOCK_CAPTURE_AUTORELEASING = YES;
				CLANG_WARN_BOOL_CONVERSION = YES;
				CLANG_WARN_COMMA = YES;
				CLANG_WARN_CONSTANT_CONVERSION = YES;
				CLANG_WARN_DEPRECATED_OBJC_IMPLEMENTATIONS = YES;
				CLANG_WARN_DIRECT_OBJC_ISA_USAGE = YES_ERROR;
				CLANG_WARN_DOCUMENTATION_COMMENTS = YES;
				CLANG_WARN_EMPTY_BODY = YES;
				CLANG_WARN_ENUM_CONVERSION = YES;
				CLANG_WARN_INFINITE_RECURSION = YES;
				CLANG_WARN_INT_CONVERSION = YES;
				CLANG_WARN_NON_LITERAL_NULL_CONVERSION = YES;
				CLANG_WARN_OBJC_IMPLICIT_RETAIN_SELF = YES;
				CLANG_WARN_OBJC_LITERAL_CONVERSION = YES;
				CLANG_WARN_OBJC_ROOT_CLASS = YES_ERROR;
				CLANG_WARN_QUOTED_INCLUDE_IN_FRAMEWORK_HEADER = YES;
				CLANG_WARN_RANGE_LOOP_ANALYSIS = YES;
				CLANG_WARN_STRICT_PROTOTYPES = YES;
				CLANG_WARN_SUSPICIOUS_MOVE = YES;
				CLANG_WARN_UNGUARDED_AVAILABILITY = YES_AGGRESSIVE;
				CLANG_WARN_UNREACHABLE_CODE = YES;
				CLANG_WARN__DUPLICATE_METHOD_MATCH = YES;
				COPY_PHASE_STRIP = NO;
				DEBUG_INFORMATION_FORMAT = dwarf;
				ENABLE_STRICT_OBJC_MSGSEND = YES;
				ENABLE_TESTABILITY = YES;
				GCC_C_LANGUAGE_STANDARD = gnu11;
				GCC_DYNAMIC_NO_PIC = NO;
				GCC_NO_COMMON_BLOCKS = YES;
				GCC_OPTIMIZATION_LEVEL = 0;
				GCC_PREPROCESSOR_DEFINITIONS = (
					"DEBUG=1",
					"$(inherited)",
				);
				GCC_WARN_64_TO_32_BIT_CONVERSION = YES;
				GCC_WARN_ABOUT_RETURN_TYPE = YES_ERROR;
				GCC_WARN_UNDECLARED_SELECTOR = YES;
				GCC_WARN_UNINITIALIZED_AUTOS = YES_AGGRESSIVE;
				GCC_WARN_UNUSED_FUNCTION = YES;
				GCC_WARN_UNUSED_VARIABLE = YES;
				IPHONEOS_DEPLOYMENT_TARGET = 16.0;
				MTL_ENABLE_DEBUG_INFO = INCLUDE_SOURCE;
				MTL_FAST_MATH = YES;
				ONLY_ACTIVE_ARCH = YES;
				SDKROOT = iphoneos;
				SWIFT_ACTIVE_COMPILATION_CONDITIONS = DEBUG;
				SWIFT_OPTIMIZATION_LEVEL = "-Onone";
			};
			name = Debug;
		};
		AE1D8AF729656B4B00113C8B /* Release */ = {
			isa = XCBuildConfiguration;
			buildSettings = {
				ALWAYS_SEARCH_USER_PATHS = NO;
				CLANG_ANALYZER_NONNULL = YES;
				CLANG_ANALYZER_NUMBER_OBJECT_CONVERSION = YES_AGGRESSIVE;
				CLANG_CXX_LANGUAGE_STANDARD = "gnu++20";
				CLANG_ENABLE_MODULES = YES;
				CLANG_ENABLE_OBJC_ARC = YES;
				CLANG_ENABLE_OBJC_WEAK = YES;
				CLANG_WARN_BLOCK_CAPTURE_AUTORELEASING = YES;
				CLANG_WARN_BOOL_CONVERSION = YES;
				CLANG_WARN_COMMA = YES;
				CLANG_WARN_CONSTANT_CONVERSION = YES;
				CLANG_WARN_DEPRECATED_OBJC_IMPLEMENTATIONS = YES;
				CLANG_WARN_DIRECT_OBJC_ISA_USAGE = YES_ERROR;
				CLANG_WARN_DOCUMENTATION_COMMENTS = YES;
				CLANG_WARN_EMPTY_BODY = YES;
				CLANG_WARN_ENUM_CONVERSION = YES;
				CLANG_WARN_INFINITE_RECURSION = YES;
				CLANG_WARN_INT_CONVERSION = YES;
				CLANG_WARN_NON_LITERAL_NULL_CONVERSION = YES;
				CLANG_WARN_OBJC_IMPLICIT_RETAIN_SELF = YES;
				CLANG_WARN_OBJC_LITERAL_CONVERSION = YES;
				CLANG_WARN_OBJC_ROOT_CLASS = YES_ERROR;
				CLANG_WARN_QUOTED_INCLUDE_IN_FRAMEWORK_HEADER = YES;
				CLANG_WARN_RANGE_LOOP_ANALYSIS = YES;
				CLANG_WARN_STRICT_PROTOTYPES = YES;
				CLANG_WARN_SUSPICIOUS_MOVE = YES;
				CLANG_WARN_UNGUARDED_AVAILABILITY = YES_AGGRESSIVE;
				CLANG_WARN_UNREACHABLE_CODE = YES;
				CLANG_WARN__DUPLICATE_METHOD_MATCH = YES;
				COPY_PHASE_STRIP = NO;
				DEBUG_INFORMATION_FORMAT = "dwarf-with-dsym";
				ENABLE_NS_ASSERTIONS = NO;
				ENABLE_STRICT_OBJC_MSGSEND = YES;
				GCC_C_LANGUAGE_STANDARD = gnu11;
				GCC_NO_COMMON_BLOCKS = YES;
				GCC_WARN_64_TO_32_BIT_CONVERSION = YES;
				GCC_WARN_ABOUT_RETURN_TYPE = YES_ERROR;
				GCC_WARN_UNDECLARED_SELECTOR = YES;
				GCC_WARN_UNINITIALIZED_AUTOS = YES_AGGRESSIVE;
				GCC_WARN_UNUSED_FUNCTION = YES;
				GCC_WARN_UNUSED_VARIABLE = YES;
				IPHONEOS_DEPLOYMENT_TARGET = 16.0;
				MTL_ENABLE_DEBUG_INFO = NO;
				MTL_FAST_MATH = YES;
				SDKROOT = iphoneos;
				SWIFT_COMPILATION_MODE = wholemodule;
				SWIFT_OPTIMIZATION_LEVEL = "-O";
				VALIDATE_PRODUCT = YES;
			};
			name = Release;
		};
		AE1D8AF929656B4B00113C8B /* Debug */ = {
			isa = XCBuildConfiguration;
			buildSettings = {
				ASSETCATALOG_COMPILER_APPICON_NAME = AppIcon;
				ASSETCATALOG_COMPILER_GLOBAL_ACCENT_COLOR_NAME = AccentColor;
				CODE_SIGN_STYLE = Automatic;
				CURRENT_PROJECT_VERSION = 1;
				DEVELOPMENT_TEAM = 2D93FKS52V;
				GENERATE_INFOPLIST_FILE = YES;
				INFOPLIST_FILE = symbolRoller/Info.plist;
				INFOPLIST_KEY_UIApplicationSupportsIndirectInputEvents = YES;
				INFOPLIST_KEY_UILaunchStoryboardName = LaunchScreen;
				INFOPLIST_KEY_UIMainStoryboardFile = Main;
				INFOPLIST_KEY_UISupportedInterfaceOrientations_iPad = "UIInterfaceOrientationPortrait UIInterfaceOrientationPortraitUpsideDown UIInterfaceOrientationLandscapeLeft UIInterfaceOrientationLandscapeRight";
				INFOPLIST_KEY_UISupportedInterfaceOrientations_iPhone = "UIInterfaceOrientationPortrait UIInterfaceOrientationLandscapeLeft UIInterfaceOrientationLandscapeRight";
				LD_RUNPATH_SEARCH_PATHS = (
					"$(inherited)",
					"@executable_path/Frameworks",
				);
				MARKETING_VERSION = 1.0;
				PRODUCT_BUNDLE_IDENTIFIER = leejay.symbolRoller;
				PRODUCT_NAME = "$(TARGET_NAME)";
				SWIFT_EMIT_LOC_STRINGS = YES;
				SWIFT_VERSION = 5.0;
				TARGETED_DEVICE_FAMILY = "1,2";
			};
			name = Debug;
		};
		AE1D8AFA29656B4B00113C8B /* Release */ = {
			isa = XCBuildConfiguration;
			buildSettings = {
				ASSETCATALOG_COMPILER_APPICON_NAME = AppIcon;
				ASSETCATALOG_COMPILER_GLOBAL_ACCENT_COLOR_NAME = AccentColor;
				CODE_SIGN_STYLE = Automatic;
				CURRENT_PROJECT_VERSION = 1;
				DEVELOPMENT_TEAM = 2D93FKS52V;
				GENERATE_INFOPLIST_FILE = YES;
				INFOPLIST_FILE = symbolRoller/Info.plist;
				INFOPLIST_KEY_UIApplicationSupportsIndirectInputEvents = YES;
				INFOPLIST_KEY_UILaunchStoryboardName = LaunchScreen;
				INFOPLIST_KEY_UIMainStoryboardFile = Main;
				INFOPLIST_KEY_UISupportedInterfaceOrientations_iPad = "UIInterfaceOrientationPortrait UIInterfaceOrientationPortraitUpsideDown UIInterfaceOrientationLandscapeLeft UIInterfaceOrientationLandscapeRight";
				INFOPLIST_KEY_UISupportedInterfaceOrientations_iPhone = "UIInterfaceOrientationPortrait UIInterfaceOrientationLandscapeLeft UIInterfaceOrientationLandscapeRight";
				LD_RUNPATH_SEARCH_PATHS = (
					"$(inherited)",
					"@executable_path/Frameworks",
				);
				MARKETING_VERSION = 1.0;
				PRODUCT_BUNDLE_IDENTIFIER = leejay.symbolRoller;
				PRODUCT_NAME = "$(TARGET_NAME)";
				SWIFT_EMIT_LOC_STRINGS = YES;
				SWIFT_VERSION = 5.0;
				TARGETED_DEVICE_FAMILY = "1,2";
			};
			name = Release;
		};
		AE1D8AFC29656B4B00113C8B /* Debug */ = {
			isa = XCBuildConfiguration;
			buildSettings = {
				ALWAYS_EMBED_SWIFT_STANDARD_LIBRARIES = YES;
				BUNDLE_LOADER = "$(TEST_HOST)";
				CODE_SIGN_STYLE = Automatic;
				CURRENT_PROJECT_VERSION = 1;
				DEVELOPMENT_TEAM = 2D93FKS52V;
				GENERATE_INFOPLIST_FILE = YES;
				IPHONEOS_DEPLOYMENT_TARGET = 16.0;
				MARKETING_VERSION = 1.0;
				PRODUCT_BUNDLE_IDENTIFIER = leejay.symbolRollerTests;
				PRODUCT_NAME = "$(TARGET_NAME)";
				SWIFT_EMIT_LOC_STRINGS = NO;
				SWIFT_VERSION = 5.0;
				TARGETED_DEVICE_FAMILY = "1,2";
				TEST_HOST = "$(BUILT_PRODUCTS_DIR)/symbolRoller.app/$(BUNDLE_EXECUTABLE_FOLDER_PATH)/symbolRoller";
			};
			name = Debug;
		};
		AE1D8AFD29656B4B00113C8B /* Release */ = {
			isa = XCBuildConfiguration;
			buildSettings = {
				ALWAYS_EMBED_SWIFT_STANDARD_LIBRARIES = YES;
				BUNDLE_LOADER = "$(TEST_HOST)";
				CODE_SIGN_STYLE = Automatic;
				CURRENT_PROJECT_VERSION = 1;
				DEVELOPMENT_TEAM = 2D93FKS52V;
				GENERATE_INFOPLIST_FILE = YES;
				IPHONEOS_DEPLOYMENT_TARGET = 16.0;
				MARKETING_VERSION = 1.0;
				PRODUCT_BUNDLE_IDENTIFIER = leejay.symbolRollerTests;
				PRODUCT_NAME = "$(TARGET_NAME)";
				SWIFT_EMIT_LOC_STRINGS = NO;
				SWIFT_VERSION = 5.0;
				TARGETED_DEVICE_FAMILY = "1,2";
				TEST_HOST = "$(BUILT_PRODUCTS_DIR)/symbolRoller.app/$(BUNDLE_EXECUTABLE_FOLDER_PATH)/symbolRoller";
			};
			name = Release;
		};
		AE1D8AFF29656B4B00113C8B /* Debug */ = {
			isa = XCBuildConfiguration;
			buildSettings = {
				ALWAYS_EMBED_SWIFT_STANDARD_LIBRARIES = YES;
				CODE_SIGN_STYLE = Automatic;
				CURRENT_PROJECT_VERSION = 1;
				DEVELOPMENT_TEAM = 2D93FKS52V;
				GENERATE_INFOPLIST_FILE = YES;
				MARKETING_VERSION = 1.0;
				PRODUCT_BUNDLE_IDENTIFIER = leejay.symbolRollerUITests;
				PRODUCT_NAME = "$(TARGET_NAME)";
				SWIFT_EMIT_LOC_STRINGS = NO;
				SWIFT_VERSION = 5.0;
				TARGETED_DEVICE_FAMILY = "1,2";
				TEST_TARGET_NAME = symbolRoller;
			};
			name = Debug;
		};
		AE1D8B0029656B4B00113C8B /* Release */ = {
			isa = XCBuildConfiguration;
			buildSettings = {
				ALWAYS_EMBED_SWIFT_STANDARD_LIBRARIES = YES;
				CODE_SIGN_STYLE = Automatic;
				CURRENT_PROJECT_VERSION = 1;
				DEVELOPMENT_TEAM = 2D93FKS52V;
				GENERATE_INFOPLIST_FILE = YES;
				MARKETING_VERSION = 1.0;
				PRODUCT_BUNDLE_IDENTIFIER = leejay.symbolRollerUITests;
				PRODUCT_NAME = "$(TARGET_NAME)";
				SWIFT_EMIT_LOC_STRINGS = NO;
				SWIFT_VERSION = 5.0;
				TARGETED_DEVICE_FAMILY = "1,2";
				TEST_TARGET_NAME = symbolRoller;
			};
			name = Release;
		};
/* End XCBuildConfiguration section */

/* Begin XCConfigurationList section */
		AE1D8AC929656B4B00113C8B /* Build configuration list for PBXProject "symbolRoller" */ = {
			isa = XCConfigurationList;
			buildConfigurations = (
				AE1D8AF629656B4B00113C8B /* Debug */,
				AE1D8AF729656B4B00113C8B /* Release */,
			);
			defaultConfigurationIsVisible = 0;
			defaultConfigurationName = Release;
		};
		AE1D8AF829656B4B00113C8B /* Build configuration list for PBXNativeTarget "symbolRoller" */ = {
			isa = XCConfigurationList;
			buildConfigurations = (
				AE1D8AF929656B4B00113C8B /* Debug */,
				AE1D8AFA29656B4B00113C8B /* Release */,
			);
			defaultConfigurationIsVisible = 0;
			defaultConfigurationName = Release;
		};
		AE1D8AFB29656B4B00113C8B /* Build configuration list for PBXNativeTarget "symbolRollerTests" */ = {
			isa = XCConfigurationList;
			buildConfigurations = (
				AE1D8AFC29656B4B00113C8B /* Debug */,
				AE1D8AFD29656B4B00113C8B /* Release */,
			);
			defaultConfigurationIsVisible = 0;
			defaultConfigurationName = Release;
		};
		AE1D8AFE29656B4B00113C8B /* Build configuration list for PBXNativeTarget "symbolRollerUITests" */ = {
			isa = XCConfigurationList;
			buildConfigurations = (
				AE1D8AFF29656B4B00113C8B /* Debug */,
				AE1D8B0029656B4B00113C8B /* Release */,
			);
			defaultConfigurationIsVisible = 0;
			defaultConfigurationName = Release;
		};
/* End XCConfigurationList section */
	};
	rootObject = AE1D8AC629656B4B00113C8B /* Project object */;
}
